
Microsoft Visual Studio Solution File, Format Version 12.00
# Visual Studio 2013
VisualStudioVersion = 12.0.30501.0
MinimumVisualStudioVersion = 10.0.40219.1
Project("{F2A71F9B-5D33-465A-A702-920D77279786}") = "Kata.StringCalculator", "Kata.StringCalculator\Kata.StringCalculator.fsproj", "{B93B00FA-7ADF-4346-88CF-673ABE5E17B1}"
EndProject
Global
	GlobalSection(SolutionConfigurationPlatforms) = preSolution
		Debug|Any CPU = Debug|Any CPU
		Release|Any CPU = Release|Any CPU
	EndGlobalSection
	GlobalSection(ProjectConfigurationPlatforms) = postSolution
		{B93B00FA-7ADF-4346-88CF-673ABE5E17B1}.Debug|Any CPU.ActiveCfg = Debug|Any CPU
		{B93B00FA-7ADF-4346-88CF-673ABE5E17B1}.Debug|Any CPU.Build.0 = Debug|Any CPU
		{B93B00FA-7ADF-4346-88CF-673ABE5E17B1}.Release|Any CPU.ActiveCfg = Release|Any CPU
		{B93B00FA-7ADF-4346-88CF-673ABE5E17B1}.Release|Any CPU.Build.0 = Release|Any CPU
	EndGlobalSection
	GlobalSection(SolutionProperties) = preSolution
		HideSolutionNode = FALSE
	EndGlobalSection
EndGlobal
